// !$*UTF8*$!
{
	archiveVersion = 1;
	classes = {
	};
	objectVersion = 46;
	objects = {

/* Begin PBXBuildFile section */
		1E9D7A051B7F320B001C44C9 /* main.m in Sources */ = {isa = PBXBuildFile; fileRef = 1E9D7A041B7F320B001C44C9 /* main.m */; };
		1E9D7A081B7F320B001C44C9 /* AppDelegate.m in Sources */ = {isa = PBXBuildFile; fileRef = 1E9D7A071B7F320B001C44C9 /* AppDelegate.m */; };
		1E9D7A0B1B7F320B001C44C9 /* ViewController.m in Sources */ = {isa = PBXBuildFile; fileRef = 1E9D7A0A1B7F320B001C44C9 /* ViewController.m */; };
		1E9D7A0E1B7F320B001C44C9 /* Main.storyboard in Resources */ = {isa = PBXBuildFile; fileRef = 1E9D7A0C1B7F320B001C44C9 /* Main.storyboard */; };
		1E9D7A101B7F320B001C44C9 /* Images.xcassets in Resources */ = {isa = PBXBuildFile; fileRef = 1E9D7A0F1B7F320B001C44C9 /* Images.xcassets */; };
		1E9D7A131B7F320B001C44C9 /* LaunchScreen.xib in Resources */ = {isa = PBXBuildFile; fileRef = 1E9D7A111B7F320B001C44C9 /* LaunchScreen.xib */; };
		1E9D7A1F1B7F320B001C44C9 /* Meno_DagTests.m in Sources */ = {isa = PBXBuildFile; fileRef = 1E9D7A1E1B7F320B001C44C9 /* Meno_DagTests.m */; };
		1E9D7A2B1B7F36DA001C44C9 /* DroidKufi-Bold.ttf in Resources */ = {isa = PBXBuildFile; fileRef = 1E9D7A291B7F36DA001C44C9 /* DroidKufi-Bold.ttf */; };
		1E9D7A2C1B7F36DA001C44C9 /* DroidKufi-Regular.ttf in Resources */ = {isa = PBXBuildFile; fileRef = 1E9D7A2A1B7F36DA001C44C9 /* DroidKufi-Regular.ttf */; };
		1E9D7A311B7F3B3C001C44C9 /* large-phone-icon.png in Resources */ = {isa = PBXBuildFile; fileRef = 1E9D7A2E1B7F3B3C001C44C9 /* large-phone-icon.png */; };
		1E9D7A321B7F3B3C001C44C9 /* large-phone-icon@2x.png in Resources */ = {isa = PBXBuildFile; fileRef = 1E9D7A2F1B7F3B3C001C44C9 /* large-phone-icon@2x.png */; };
		1E9D7A331B7F3B3C001C44C9 /* large-phone-icon@3x.png in Resources */ = {isa = PBXBuildFile; fileRef = 1E9D7A301B7F3B3C001C44C9 /* large-phone-icon@3x.png */; };
		1E9D7A491B7F414A001C44C9 /* cart-icon.png in Resources */ = {isa = PBXBuildFile; fileRef = 1E9D7A3A1B7F414A001C44C9 /* cart-icon.png */; };
		1E9D7A4A1B7F414A001C44C9 /* cart-icon@2x.png in Resources */ = {isa = PBXBuildFile; fileRef = 1E9D7A3B1B7F414A001C44C9 /* cart-icon@2x.png */; };
		1E9D7A4B1B7F414A001C44C9 /* cart-icon@3x.png in Resources */ = {isa = PBXBuildFile; fileRef = 1E9D7A3C1B7F414A001C44C9 /* cart-icon@3x.png */; };
		1E9D7A4C1B7F414A001C44C9 /* log-icon.png in Resources */ = {isa = PBXBuildFile; fileRef = 1E9D7A3D1B7F414A001C44C9 /* log-icon.png */; };
		1E9D7A4D1B7F414A001C44C9 /* log-icon@2x.png in Resources */ = {isa = PBXBuildFile; fileRef = 1E9D7A3E1B7F414A001C44C9 /* log-icon@2x.png */; };
		1E9D7A4E1B7F414A001C44C9 /* log-icon@3x.png in Resources */ = {isa = PBXBuildFile; fileRef = 1E9D7A3F1B7F414A001C44C9 /* log-icon@3x.png */; };
		1E9D7A4F1B7F414A001C44C9 /* search-icon.png in Resources */ = {isa = PBXBuildFile; fileRef = 1E9D7A401B7F414A001C44C9 /* search-icon.png */; };
		1E9D7A501B7F414A001C44C9 /* search-icon@2x.png in Resources */ = {isa = PBXBuildFile; fileRef = 1E9D7A411B7F414A001C44C9 /* search-icon@2x.png */; };
		1E9D7A511B7F414A001C44C9 /* search-icon@3x.png in Resources */ = {isa = PBXBuildFile; fileRef = 1E9D7A421B7F414A001C44C9 /* search-icon@3x.png */; };
		1E9D7A551B7F414A001C44C9 /* share-icon.png in Resources */ = {isa = PBXBuildFile; fileRef = 1E9D7A461B7F414A001C44C9 /* share-icon.png */; };
		1E9D7A561B7F414A001C44C9 /* share-icon@2x.png in Resources */ = {isa = PBXBuildFile; fileRef = 1E9D7A471B7F414A001C44C9 /* share-icon@2x.png */; };
		1E9D7A571B7F414A001C44C9 /* share-icon@3x.png in Resources */ = {isa = PBXBuildFile; fileRef = 1E9D7A481B7F414A001C44C9 /* share-icon@3x.png */; };
		1E9D7A611B80A3E8001C44C9 /* selected-back.png in Resources */ = {isa = PBXBuildFile; fileRef = 1E9D7A5E1B80A3E8001C44C9 /* selected-back.png */; };
		1E9D7A621B80A3E8001C44C9 /* selected-back@2x.png in Resources */ = {isa = PBXBuildFile; fileRef = 1E9D7A5F1B80A3E8001C44C9 /* selected-back@2x.png */; };
		1E9D7A631B80A3E8001C44C9 /* selected-back@3x.png in Resources */ = {isa = PBXBuildFile; fileRef = 1E9D7A601B80A3E8001C44C9 /* selected-back@3x.png */; };
		1E9D7A6A1B81CDCC001C44C9 /* search-bar.png in Resources */ = {isa = PBXBuildFile; fileRef = 1E9D7A641B81CDCC001C44C9 /* search-bar.png */; };
		1E9D7A6B1B81CDCC001C44C9 /* search-bar@2x.png in Resources */ = {isa = PBXBuildFile; fileRef = 1E9D7A651B81CDCC001C44C9 /* search-bar@2x.png */; };
		1E9D7A6C1B81CDCC001C44C9 /* search-bar@3x.png in Resources */ = {isa = PBXBuildFile; fileRef = 1E9D7A661B81CDCC001C44C9 /* search-bar@3x.png */; };
		1E9D7A6D1B81CDCC001C44C9 /* search-mag.png in Resources */ = {isa = PBXBuildFile; fileRef = 1E9D7A671B81CDCC001C44C9 /* search-mag.png */; };
		1E9D7A6E1B81CDCC001C44C9 /* search-mag@2x.png in Resources */ = {isa = PBXBuildFile; fileRef = 1E9D7A681B81CDCC001C44C9 /* search-mag@2x.png */; };
		1E9D7A6F1B81CDCC001C44C9 /* search-mag@3x.png in Resources */ = {isa = PBXBuildFile; fileRef = 1E9D7A691B81CDCC001C44C9 /* search-mag@3x.png */; };
		1E9D7A791B838022001C44C9 /* block-icon.png in Resources */ = {isa = PBXBuildFile; fileRef = 1E9D7A701B838022001C44C9 /* block-icon.png */; };
		1E9D7A7A1B838022001C44C9 /* block-icon@2x.png in Resources */ = {isa = PBXBuildFile; fileRef = 1E9D7A711B838022001C44C9 /* block-icon@2x.png */; };
		1E9D7A7B1B838022001C44C9 /* block-icon@3x.png in Resources */ = {isa = PBXBuildFile; fileRef = 1E9D7A721B838022001C44C9 /* block-icon@3x.png */; };
		1E9D7A7C1B838022001C44C9 /* name-icon.png in Resources */ = {isa = PBXBuildFile; fileRef = 1E9D7A731B838022001C44C9 /* name-icon.png */; };
		1E9D7A7D1B838022001C44C9 /* name-icon@2x.png in Resources */ = {isa = PBXBuildFile; fileRef = 1E9D7A741B838022001C44C9 /* name-icon@2x.png */; };
		1E9D7A7E1B838022001C44C9 /* name-icon@3x.png in Resources */ = {isa = PBXBuildFile; fileRef = 1E9D7A751B838022001C44C9 /* name-icon@3x.png */; };
		1E9D7A7F1B838022001C44C9 /* numbers-icon.png in Resources */ = {isa = PBXBuildFile; fileRef = 1E9D7A761B838022001C44C9 /* numbers-icon.png */; };
		1E9D7A801B838022001C44C9 /* numbers-icon@2x.png in Resources */ = {isa = PBXBuildFile; fileRef = 1E9D7A771B838022001C44C9 /* numbers-icon@2x.png */; };
		1E9D7A811B838022001C44C9 /* numbers-icon@3x.png in Resources */ = {isa = PBXBuildFile; fileRef = 1E9D7A781B838022001C44C9 /* numbers-icon@3x.png */; };
		1E9D7A851B846BF6001C44C9 /* small-phone-icon.png in Resources */ = {isa = PBXBuildFile; fileRef = 1E9D7A821B846BF6001C44C9 /* small-phone-icon.png */; };
		1E9D7A861B846BF6001C44C9 /* small-phone-icon@2x.png in Resources */ = {isa = PBXBuildFile; fileRef = 1E9D7A831B846BF6001C44C9 /* small-phone-icon@2x.png */; };
		1E9D7A871B846BF6001C44C9 /* small-phone-icon@3x.png in Resources */ = {isa = PBXBuildFile; fileRef = 1E9D7A841B846BF6001C44C9 /* small-phone-icon@3x.png */; };
		1E9D7A8B1B846CF7001C44C9 /* empty-icon.png in Resources */ = {isa = PBXBuildFile; fileRef = 1E9D7A881B846CF7001C44C9 /* empty-icon.png */; };
		1E9D7A8C1B846CF7001C44C9 /* empty-icon@2x.png in Resources */ = {isa = PBXBuildFile; fileRef = 1E9D7A891B846CF7001C44C9 /* empty-icon@2x.png */; };
		1E9D7A8D1B846CF7001C44C9 /* empty-icon@3x.png in Resources */ = {isa = PBXBuildFile; fileRef = 1E9D7A8A1B846CF7001C44C9 /* empty-icon@3x.png */; };
		1E9D7A971B847E08001C44C9 /* share-app-icon.png in Resources */ = {isa = PBXBuildFile; fileRef = 1E9D7A941B847E08001C44C9 /* share-app-icon.png */; };
		1E9D7A981B847E08001C44C9 /* share-app-icon@2x.png in Resources */ = {isa = PBXBuildFile; fileRef = 1E9D7A951B847E08001C44C9 /* share-app-icon@2x.png */; };
		1E9D7A991B847E08001C44C9 /* share-app-icon@3x.png in Resources */ = {isa = PBXBuildFile; fileRef = 1E9D7A961B847E08001C44C9 /* share-app-icon@3x.png */; };
		1E9D7A9D1B8491D3001C44C9 /* buy-button.png in Resources */ = {isa = PBXBuildFile; fileRef = 1E9D7A9A1B8491D3001C44C9 /* buy-button.png */; };
		1E9D7A9E1B8491D3001C44C9 /* buy-button@2x.png in Resources */ = {isa = PBXBuildFile; fileRef = 1E9D7A9B1B8491D3001C44C9 /* buy-button@2x.png */; };
		1E9D7A9F1B8491D3001C44C9 /* buy-button@3x.png in Resources */ = {isa = PBXBuildFile; fileRef = 1E9D7A9C1B8491D3001C44C9 /* buy-button@3x.png */; };
		1E9D7AA21B8493D2001C44C9 /* ServicesViewController.m in Sources */ = {isa = PBXBuildFile; fileRef = 1E9D7AA11B8493D2001C44C9 /* ServicesViewController.m */; };
		1E9D7AA61B849EF4001C44C9 /* app-icon.png in Resources */ = {isa = PBXBuildFile; fileRef = 1E9D7AA31B849EF4001C44C9 /* app-icon.png */; };
		1E9D7AA71B849EF4001C44C9 /* app-icon@2x.png in Resources */ = {isa = PBXBuildFile; fileRef = 1E9D7AA41B849EF4001C44C9 /* app-icon@2x.png */; };
		1E9D7AA81B849EF4001C44C9 /* app-icon@3x.png in Resources */ = {isa = PBXBuildFile; fileRef = 1E9D7AA51B849EF4001C44C9 /* app-icon@3x.png */; };
		E80477C91B874C380041B71A /* followersExchangePurchase.m in Sources */ = {isa = PBXBuildFile; fileRef = E80477C61B874C380041B71A /* followersExchangePurchase.m */; };
		E80477CA1B874C380041B71A /* IAPHelper.m in Sources */ = {isa = PBXBuildFile; fileRef = E80477C71B874C380041B71A /* IAPHelper.m */; };
		E80477CC1B874EBD0041B71A /* iAd.framework in Frameworks */ = {isa = PBXBuildFile; fileRef = E80477CB1B874EBD0041B71A /* iAd.framework */; };
		E80477CE1B874EC10041B71A /* AdSupport.framework in Frameworks */ = {isa = PBXBuildFile; fileRef = E80477CD1B874EC10041B71A /* AdSupport.framework */; };
		E80477D01B874EC50041B71A /* StoreKit.framework in Frameworks */ = {isa = PBXBuildFile; fileRef = E80477CF1B874EC50041B71A /* StoreKit.framework */; };
		E80477D31B87531B0041B71A /* UICKeyChainStore.m in Sources */ = {isa = PBXBuildFile; fileRef = E80477D21B87531B0041B71A /* UICKeyChainStore.m */; };
		E80477D51B87641C0041B71A /* Foundation.framework in Frameworks */ = {isa = PBXBuildFile; fileRef = E80477D41B87641C0041B71A /* Foundation.framework */; };
		E80477D71B8764240041B71A /* CoreGraphics.framework in Frameworks */ = {isa = PBXBuildFile; fileRef = E80477D61B8764240041B71A /* CoreGraphics.framework */; };
		E80477D91B8764300041B71A /* Chartboost.framework in Frameworks */ = {isa = PBXBuildFile; fileRef = E80477D81B8764300041B71A /* Chartboost.framework */; };
		E80477DB1B876BA70041B71A /* AudioToolbox.framework in Frameworks */ = {isa = PBXBuildFile; fileRef = E80477DA1B876BA70041B71A /* AudioToolbox.framework */; };
		E80477DD1B876BAB0041B71A /* AVFoundation.framework in Frameworks */ = {isa = PBXBuildFile; fileRef = E80477DC1B876BAB0041B71A /* AVFoundation.framework */; };
		E80477E11B876BB90041B71A /* CoreBluetooth.framework in Frameworks */ = {isa = PBXBuildFile; fileRef = E80477DE1B876BB90041B71A /* CoreBluetooth.framework */; };
		E80477E21B876BB90041B71A /* CoreLocation.framework in Frameworks */ = {isa = PBXBuildFile; fileRef = E80477DF1B876BB90041B71A /* CoreLocation.framework */; };
		E80477E31B876BB90041B71A /* CoreTelephony.framework in Frameworks */ = {isa = PBXBuildFile; fileRef = E80477E01B876BB90041B71A /* CoreTelephony.framework */; };
		E80477E61B876BC00041B71A /* EventKit.framework in Frameworks */ = {isa = PBXBuildFile; fileRef = E80477E41B876BC00041B71A /* EventKit.framework */; };
		E80477E71B876BC00041B71A /* EventKitUI.framework in Frameworks */ = {isa = PBXBuildFile; fileRef = E80477E51B876BC00041B71A /* EventKitUI.framework */; };
		E80477E91B876BC60041B71A /* libxml2.dylib in Frameworks */ = {isa = PBXBuildFile; fileRef = E80477E81B876BC60041B71A /* libxml2.dylib */; };
		E80477EB1B876BD20041B71A /* MediaPlayer.framework in Frameworks */ = {isa = PBXBuildFile; fileRef = E80477EA1B876BD20041B71A /* MediaPlayer.framework */; };
		E80477ED1B876BD60041B71A /* MessageUI.framework in Frameworks */ = {isa = PBXBuildFile; fileRef = E80477EC1B876BD60041B71A /* MessageUI.framework */; };
		E80477EF1B876BDF0041B71A /* SystemConfiguration.framework in Frameworks */ = {isa = PBXBuildFile; fileRef = E80477EE1B876BDF0041B71A /* SystemConfiguration.framework */; };
		E80477F11B876BE70041B71A /* MMAdSDK.framework in Frameworks */ = {isa = PBXBuildFile; fileRef = E80477F01B876BE70041B71A /* MMAdSDK.framework */; };
		E80477F31B8770050041B71A /* CFNetwork.framework in Frameworks */ = {isa = PBXBuildFile; fileRef = E80477F21B8770050041B71A /* CFNetwork.framework */; };
		E80477F51B8770100041B71A /* Security.framework in Frameworks */ = {isa = PBXBuildFile; fileRef = E80477F41B8770100041B71A /* Security.framework */; };
		E80477F81B8770320041B71A /* libsqlite3.dylib in Frameworks */ = {isa = PBXBuildFile; fileRef = E80477F61B8770320041B71A /* libsqlite3.dylib */; };
		E80477F91B8770320041B71A /* libz.dylib in Frameworks */ = {isa = PBXBuildFile; fileRef = E80477F71B8770320041B71A /* libz.dylib */; };
		E80477FB1B8770380041B71A /* Accounts.framework in Frameworks */ = {isa = PBXBuildFile; fileRef = E80477FA1B8770380041B71A /* Accounts.framework */; };
		E80477FD1B87703D0041B71A /* Social.framework in Frameworks */ = {isa = PBXBuildFile; fileRef = E80477FC1B87703D0041B71A /* Social.framework */; };
		E80478041B8770C50041B71A /* Bolts.framework in Frameworks */ = {isa = PBXBuildFile; fileRef = E80478021B8770C50041B71A /* Bolts.framework */; };
		E80478051B8770C50041B71A /* Parse.framework in Frameworks */ = {isa = PBXBuildFile; fileRef = E80478031B8770C50041B71A /* Parse.framework */; };
		E80478071B8770F40041B71A /* MobileCoreServices.framework in Frameworks */ = {isa = PBXBuildFile; fileRef = E80478061B8770F40041B71A /* MobileCoreServices.framework */; };
/* End PBXBuildFile section */

/* Begin PBXContainerItemProxy section */
		1E9D7A191B7F320B001C44C9 /* PBXContainerItemProxy */ = {
			isa = PBXContainerItemProxy;
			containerPortal = 1E9D79F71B7F320B001C44C9 /* Project object */;
			proxyType = 1;
			remoteGlobalIDString = 1E9D79FE1B7F320B001C44C9;
			remoteInfo = "Meno-Dag";
		};
/* End PBXContainerItemProxy section */

/* Begin PBXFileReference section */
		1E9D79FF1B7F320B001C44C9 /* منو داق.app */ = {isa = PBXFileReference; explicitFileType = wrapper.application; includeInIndex = 0; path = "منو داق.app"; sourceTree = BUILT_PRODUCTS_DIR; };
		1E9D7A031B7F320B001C44C9 /* Info.plist */ = {isa = PBXFileReference; lastKnownFileType = text.plist.xml; path = Info.plist; sourceTree = "<group>"; };
		1E9D7A041B7F320B001C44C9 /* main.m */ = {isa = PBXFileReference; lastKnownFileType = sourcecode.c.objc; path = main.m; sourceTree = "<group>"; };
		1E9D7A061B7F320B001C44C9 /* AppDelegate.h */ = {isa = PBXFileReference; lastKnownFileType = sourcecode.c.h; path = AppDelegate.h; sourceTree = "<group>"; };
		1E9D7A071B7F320B001C44C9 /* AppDelegate.m */ = {isa = PBXFileReference; lastKnownFileType = sourcecode.c.objc; path = AppDelegate.m; sourceTree = "<group>"; };
		1E9D7A091B7F320B001C44C9 /* ViewController.h */ = {isa = PBXFileReference; lastKnownFileType = sourcecode.c.h; path = ViewController.h; sourceTree = "<group>"; };
		1E9D7A0A1B7F320B001C44C9 /* ViewController.m */ = {isa = PBXFileReference; lastKnownFileType = sourcecode.c.objc; path = ViewController.m; sourceTree = "<group>"; };
		1E9D7A0D1B7F320B001C44C9 /* Base */ = {isa = PBXFileReference; lastKnownFileType = file.storyboard; name = Base; path = Base.lproj/Main.storyboard; sourceTree = "<group>"; };
		1E9D7A0F1B7F320B001C44C9 /* Images.xcassets */ = {isa = PBXFileReference; lastKnownFileType = folder.assetcatalog; path = Images.xcassets; sourceTree = "<group>"; };
		1E9D7A121B7F320B001C44C9 /* Base */ = {isa = PBXFileReference; lastKnownFileType = file.xib; name = Base; path = Base.lproj/LaunchScreen.xib; sourceTree = "<group>"; };
		1E9D7A181B7F320B001C44C9 /* Meno-DagTests.xctest */ = {isa = PBXFileReference; explicitFileType = wrapper.cfbundle; includeInIndex = 0; path = "Meno-DagTests.xctest"; sourceTree = BUILT_PRODUCTS_DIR; };
		1E9D7A1D1B7F320B001C44C9 /* Info.plist */ = {isa = PBXFileReference; lastKnownFileType = text.plist.xml; path = Info.plist; sourceTree = "<group>"; };
		1E9D7A1E1B7F320B001C44C9 /* Meno_DagTests.m */ = {isa = PBXFileReference; lastKnownFileType = sourcecode.c.objc; path = Meno_DagTests.m; sourceTree = "<group>"; };
		1E9D7A291B7F36DA001C44C9 /* DroidKufi-Bold.ttf */ = {isa = PBXFileReference; lastKnownFileType = file; path = "DroidKufi-Bold.ttf"; sourceTree = "<group>"; };
		1E9D7A2A1B7F36DA001C44C9 /* DroidKufi-Regular.ttf */ = {isa = PBXFileReference; lastKnownFileType = file; path = "DroidKufi-Regular.ttf"; sourceTree = "<group>"; };
		1E9D7A2E1B7F3B3C001C44C9 /* large-phone-icon.png */ = {isa = PBXFileReference; lastKnownFileType = image.png; path = "large-phone-icon.png"; sourceTree = "<group>"; };
		1E9D7A2F1B7F3B3C001C44C9 /* large-phone-icon@2x.png */ = {isa = PBXFileReference; lastKnownFileType = image.png; path = "large-phone-icon@2x.png"; sourceTree = "<group>"; };
		1E9D7A301B7F3B3C001C44C9 /* large-phone-icon@3x.png */ = {isa = PBXFileReference; lastKnownFileType = image.png; path = "large-phone-icon@3x.png"; sourceTree = "<group>"; };
		1E9D7A3A1B7F414A001C44C9 /* cart-icon.png */ = {isa = PBXFileReference; lastKnownFileType = image.png; path = "cart-icon.png"; sourceTree = "<group>"; };
		1E9D7A3B1B7F414A001C44C9 /* cart-icon@2x.png */ = {isa = PBXFileReference; lastKnownFileType = image.png; path = "cart-icon@2x.png"; sourceTree = "<group>"; };
		1E9D7A3C1B7F414A001C44C9 /* cart-icon@3x.png */ = {isa = PBXFileReference; lastKnownFileType = image.png; path = "cart-icon@3x.png"; sourceTree = "<group>"; };
		1E9D7A3D1B7F414A001C44C9 /* log-icon.png */ = {isa = PBXFileReference; lastKnownFileType = image.png; path = "log-icon.png"; sourceTree = "<group>"; };
		1E9D7A3E1B7F414A001C44C9 /* log-icon@2x.png */ = {isa = PBXFileReference; lastKnownFileType = image.png; path = "log-icon@2x.png"; sourceTree = "<group>"; };
		1E9D7A3F1B7F414A001C44C9 /* log-icon@3x.png */ = {isa = PBXFileReference; lastKnownFileType = image.png; path = "log-icon@3x.png"; sourceTree = "<group>"; };
		1E9D7A401B7F414A001C44C9 /* search-icon.png */ = {isa = PBXFileReference; lastKnownFileType = image.png; path = "search-icon.png"; sourceTree = "<group>"; };
		1E9D7A411B7F414A001C44C9 /* search-icon@2x.png */ = {isa = PBXFileReference; lastKnownFileType = image.png; path = "search-icon@2x.png"; sourceTree = "<group>"; };
		1E9D7A421B7F414A001C44C9 /* search-icon@3x.png */ = {isa = PBXFileReference; lastKnownFileType = image.png; path = "search-icon@3x.png"; sourceTree = "<group>"; };
		1E9D7A461B7F414A001C44C9 /* share-icon.png */ = {isa = PBXFileReference; lastKnownFileType = image.png; path = "share-icon.png"; sourceTree = "<group>"; };
		1E9D7A471B7F414A001C44C9 /* share-icon@2x.png */ = {isa = PBXFileReference; lastKnownFileType = image.png; path = "share-icon@2x.png"; sourceTree = "<group>"; };
		1E9D7A481B7F414A001C44C9 /* share-icon@3x.png */ = {isa = PBXFileReference; lastKnownFileType = image.png; path = "share-icon@3x.png"; sourceTree = "<group>"; };
		1E9D7A5E1B80A3E8001C44C9 /* selected-back.png */ = {isa = PBXFileReference; lastKnownFileType = image.png; path = "selected-back.png"; sourceTree = "<group>"; };
		1E9D7A5F1B80A3E8001C44C9 /* selected-back@2x.png */ = {isa = PBXFileReference; lastKnownFileType = image.png; path = "selected-back@2x.png"; sourceTree = "<group>"; };
		1E9D7A601B80A3E8001C44C9 /* selected-back@3x.png */ = {isa = PBXFileReference; lastKnownFileType = image.png; path = "selected-back@3x.png"; sourceTree = "<group>"; };
		1E9D7A641B81CDCC001C44C9 /* search-bar.png */ = {isa = PBXFileReference; lastKnownFileType = image.png; path = "search-bar.png"; sourceTree = "<group>"; };
		1E9D7A651B81CDCC001C44C9 /* search-bar@2x.png */ = {isa = PBXFileReference; lastKnownFileType = image.png; path = "search-bar@2x.png"; sourceTree = "<group>"; };
		1E9D7A661B81CDCC001C44C9 /* search-bar@3x.png */ = {isa = PBXFileReference; lastKnownFileType = image.png; path = "search-bar@3x.png"; sourceTree = "<group>"; };
		1E9D7A671B81CDCC001C44C9 /* search-mag.png */ = {isa = PBXFileReference; lastKnownFileType = image.png; path = "search-mag.png"; sourceTree = "<group>"; };
		1E9D7A681B81CDCC001C44C9 /* search-mag@2x.png */ = {isa = PBXFileReference; lastKnownFileType = image.png; path = "search-mag@2x.png"; sourceTree = "<group>"; };
		1E9D7A691B81CDCC001C44C9 /* search-mag@3x.png */ = {isa = PBXFileReference; lastKnownFileType = image.png; path = "search-mag@3x.png"; sourceTree = "<group>"; };
		1E9D7A701B838022001C44C9 /* block-icon.png */ = {isa = PBXFileReference; lastKnownFileType = image.png; path = "block-icon.png"; sourceTree = "<group>"; };
		1E9D7A711B838022001C44C9 /* block-icon@2x.png */ = {isa = PBXFileReference; lastKnownFileType = image.png; path = "block-icon@2x.png"; sourceTree = "<group>"; };
		1E9D7A721B838022001C44C9 /* block-icon@3x.png */ = {isa = PBXFileReference; lastKnownFileType = image.png; path = "block-icon@3x.png"; sourceTree = "<group>"; };
		1E9D7A731B838022001C44C9 /* name-icon.png */ = {isa = PBXFileReference; lastKnownFileType = image.png; path = "name-icon.png"; sourceTree = "<group>"; };
		1E9D7A741B838022001C44C9 /* name-icon@2x.png */ = {isa = PBXFileReference; lastKnownFileType = image.png; path = "name-icon@2x.png"; sourceTree = "<group>"; };
		1E9D7A751B838022001C44C9 /* name-icon@3x.png */ = {isa = PBXFileReference; lastKnownFileType = image.png; path = "name-icon@3x.png"; sourceTree = "<group>"; };
		1E9D7A761B838022001C44C9 /* numbers-icon.png */ = {isa = PBXFileReference; lastKnownFileType = image.png; path = "numbers-icon.png"; sourceTree = "<group>"; };
		1E9D7A771B838022001C44C9 /* numbers-icon@2x.png */ = {isa = PBXFileReference; lastKnownFileType = image.png; path = "numbers-icon@2x.png"; sourceTree = "<group>"; };
		1E9D7A781B838022001C44C9 /* numbers-icon@3x.png */ = {isa = PBXFileReference; lastKnownFileType = image.png; path = "numbers-icon@3x.png"; sourceTree = "<group>"; };
		1E9D7A821B846BF6001C44C9 /* small-phone-icon.png */ = {isa = PBXFileReference; lastKnownFileType = image.png; path = "small-phone-icon.png"; sourceTree = "<group>"; };
		1E9D7A831B846BF6001C44C9 /* small-phone-icon@2x.png */ = {isa = PBXFileReference; lastKnownFileType = image.png; path = "small-phone-icon@2x.png"; sourceTree = "<group>"; };
		1E9D7A841B846BF6001C44C9 /* small-phone-icon@3x.png */ = {isa = PBXFileReference; lastKnownFileType = image.png; path = "small-phone-icon@3x.png"; sourceTree = "<group>"; };
		1E9D7A881B846CF7001C44C9 /* empty-icon.png */ = {isa = PBXFileReference; lastKnownFileType = image.png; path = "empty-icon.png"; sourceTree = "<group>"; };
		1E9D7A891B846CF7001C44C9 /* empty-icon@2x.png */ = {isa = PBXFileReference; lastKnownFileType = image.png; path = "empty-icon@2x.png"; sourceTree = "<group>"; };
		1E9D7A8A1B846CF7001C44C9 /* empty-icon@3x.png */ = {isa = PBXFileReference; lastKnownFileType = image.png; path = "empty-icon@3x.png"; sourceTree = "<group>"; };
		1E9D7A941B847E08001C44C9 /* share-app-icon.png */ = {isa = PBXFileReference; lastKnownFileType = image.png; path = "share-app-icon.png"; sourceTree = "<group>"; };
		1E9D7A951B847E08001C44C9 /* share-app-icon@2x.png */ = {isa = PBXFileReference; lastKnownFileType = image.png; path = "share-app-icon@2x.png"; sourceTree = "<group>"; };
		1E9D7A961B847E08001C44C9 /* share-app-icon@3x.png */ = {isa = PBXFileReference; lastKnownFileType = image.png; path = "share-app-icon@3x.png"; sourceTree = "<group>"; };
		1E9D7A9A1B8491D3001C44C9 /* buy-button.png */ = {isa = PBXFileReference; lastKnownFileType = image.png; path = "buy-button.png"; sourceTree = "<group>"; };
		1E9D7A9B1B8491D3001C44C9 /* buy-button@2x.png */ = {isa = PBXFileReference; lastKnownFileType = image.png; path = "buy-button@2x.png"; sourceTree = "<group>"; };
		1E9D7A9C1B8491D3001C44C9 /* buy-button@3x.png */ = {isa = PBXFileReference; lastKnownFileType = image.png; path = "buy-button@3x.png"; sourceTree = "<group>"; };
		1E9D7AA01B8493D2001C44C9 /* ServicesViewController.h */ = {isa = PBXFileReference; fileEncoding = 4; lastKnownFileType = sourcecode.c.h; path = ServicesViewController.h; sourceTree = "<group>"; };
		1E9D7AA11B8493D2001C44C9 /* ServicesViewController.m */ = {isa = PBXFileReference; fileEncoding = 4; lastKnownFileType = sourcecode.c.objc; path = ServicesViewController.m; sourceTree = "<group>"; };
		1E9D7AA31B849EF4001C44C9 /* app-icon.png */ = {isa = PBXFileReference; lastKnownFileType = image.png; path = "app-icon.png"; sourceTree = "<group>"; };
		1E9D7AA41B849EF4001C44C9 /* app-icon@2x.png */ = {isa = PBXFileReference; lastKnownFileType = image.png; path = "app-icon@2x.png"; sourceTree = "<group>"; };
		1E9D7AA51B849EF4001C44C9 /* app-icon@3x.png */ = {isa = PBXFileReference; lastKnownFileType = image.png; path = "app-icon@3x.png"; sourceTree = "<group>"; };
		E80477C51B874C380041B71A /* followersExchangePurchase.h */ = {isa = PBXFileReference; fileEncoding = 4; lastKnownFileType = sourcecode.c.h; path = followersExchangePurchase.h; sourceTree = "<group>"; };
		E80477C61B874C380041B71A /* followersExchangePurchase.m */ = {isa = PBXFileReference; fileEncoding = 4; lastKnownFileType = sourcecode.c.objc; path = followersExchangePurchase.m; sourceTree = "<group>"; };
		E80477C71B874C380041B71A /* IAPHelper.m */ = {isa = PBXFileReference; fileEncoding = 4; lastKnownFileType = sourcecode.c.objc; path = IAPHelper.m; sourceTree = "<group>"; };
		E80477C81B874C380041B71A /* IAPHelper.h */ = {isa = PBXFileReference; fileEncoding = 4; lastKnownFileType = sourcecode.c.h; path = IAPHelper.h; sourceTree = "<group>"; };
		E80477CB1B874EBD0041B71A /* iAd.framework */ = {isa = PBXFileReference; lastKnownFileType = wrapper.framework; name = iAd.framework; path = System/Library/Frameworks/iAd.framework; sourceTree = SDKROOT; };
		E80477CD1B874EC10041B71A /* AdSupport.framework */ = {isa = PBXFileReference; lastKnownFileType = wrapper.framework; name = AdSupport.framework; path = System/Library/Frameworks/AdSupport.framework; sourceTree = SDKROOT; };
		E80477CF1B874EC50041B71A /* StoreKit.framework */ = {isa = PBXFileReference; lastKnownFileType = wrapper.framework; name = StoreKit.framework; path = System/Library/Frameworks/StoreKit.framework; sourceTree = SDKROOT; };
		E80477D11B87531B0041B71A /* UICKeyChainStore.h */ = {isa = PBXFileReference; fileEncoding = 4; lastKnownFileType = sourcecode.c.h; path = UICKeyChainStore.h; sourceTree = "<group>"; };
		E80477D21B87531B0041B71A /* UICKeyChainStore.m */ = {isa = PBXFileReference; fileEncoding = 4; lastKnownFileType = sourcecode.c.objc; path = UICKeyChainStore.m; sourceTree = "<group>"; };
		E80477D41B87641C0041B71A /* Foundation.framework */ = {isa = PBXFileReference; lastKnownFileType = wrapper.framework; name = Foundation.framework; path = System/Library/Frameworks/Foundation.framework; sourceTree = SDKROOT; };
		E80477D61B8764240041B71A /* CoreGraphics.framework */ = {isa = PBXFileReference; lastKnownFileType = wrapper.framework; name = CoreGraphics.framework; path = System/Library/Frameworks/CoreGraphics.framework; sourceTree = SDKROOT; };
		E80477D81B8764300041B71A /* Chartboost.framework */ = {isa = PBXFileReference; lastKnownFileType = wrapper.framework; path = Chartboost.framework; sourceTree = "<group>"; };
		E80477DA1B876BA70041B71A /* AudioToolbox.framework */ = {isa = PBXFileReference; lastKnownFileType = wrapper.framework; name = AudioToolbox.framework; path = System/Library/Frameworks/AudioToolbox.framework; sourceTree = SDKROOT; };
		E80477DC1B876BAB0041B71A /* AVFoundation.framework */ = {isa = PBXFileReference; lastKnownFileType = wrapper.framework; name = AVFoundation.framework; path = System/Library/Frameworks/AVFoundation.framework; sourceTree = SDKROOT; };
		E80477DE1B876BB90041B71A /* CoreBluetooth.framework */ = {isa = PBXFileReference; lastKnownFileType = wrapper.framework; name = CoreBluetooth.framework; path = System/Library/Frameworks/CoreBluetooth.framework; sourceTree = SDKROOT; };
		E80477DF1B876BB90041B71A /* CoreLocation.framework */ = {isa = PBXFileReference; lastKnownFileType = wrapper.framework; name = CoreLocation.framework; path = System/Library/Frameworks/CoreLocation.framework; sourceTree = SDKROOT; };
		E80477E01B876BB90041B71A /* CoreTelephony.framework */ = {isa = PBXFileReference; lastKnownFileType = wrapper.framework; name = CoreTelephony.framework; path = System/Library/Frameworks/CoreTelephony.framework; sourceTree = SDKROOT; };
		E80477E41B876BC00041B71A /* EventKit.framework */ = {isa = PBXFileReference; lastKnownFileType = wrapper.framework; name = EventKit.framework; path = System/Library/Frameworks/EventKit.framework; sourceTree = SDKROOT; };
		E80477E51B876BC00041B71A /* EventKitUI.framework */ = {isa = PBXFileReference; lastKnownFileType = wrapper.framework; name = EventKitUI.framework; path = System/Library/Frameworks/EventKitUI.framework; sourceTree = SDKROOT; };
		E80477E81B876BC60041B71A /* libxml2.dylib */ = {isa = PBXFileReference; lastKnownFileType = "compiled.mach-o.dylib"; name = libxml2.dylib; path = usr/lib/libxml2.dylib; sourceTree = SDKROOT; };
		E80477EA1B876BD20041B71A /* MediaPlayer.framework */ = {isa = PBXFileReference; lastKnownFileType = wrapper.framework; name = MediaPlayer.framework; path = System/Library/Frameworks/MediaPlayer.framework; sourceTree = SDKROOT; };
		E80477EC1B876BD60041B71A /* MessageUI.framework */ = {isa = PBXFileReference; lastKnownFileType = wrapper.framework; name = MessageUI.framework; path = System/Library/Frameworks/MessageUI.framework; sourceTree = SDKROOT; };
		E80477EE1B876BDF0041B71A /* SystemConfiguration.framework */ = {isa = PBXFileReference; lastKnownFileType = wrapper.framework; name = SystemConfiguration.framework; path = System/Library/Frameworks/SystemConfiguration.framework; sourceTree = SDKROOT; };
		E80477F01B876BE70041B71A /* MMAdSDK.framework */ = {isa = PBXFileReference; lastKnownFileType = wrapper.framework; path = MMAdSDK.framework; sourceTree = "<group>"; };
		E80477F21B8770050041B71A /* CFNetwork.framework */ = {isa = PBXFileReference; lastKnownFileType = wrapper.framework; name = CFNetwork.framework; path = System/Library/Frameworks/CFNetwork.framework; sourceTree = SDKROOT; };
		E80477F41B8770100041B71A /* Security.framework */ = {isa = PBXFileReference; lastKnownFileType = wrapper.framework; name = Security.framework; path = System/Library/Frameworks/Security.framework; sourceTree = SDKROOT; };
		E80477F61B8770320041B71A /* libsqlite3.dylib */ = {isa = PBXFileReference; lastKnownFileType = "compiled.mach-o.dylib"; name = libsqlite3.dylib; path = usr/lib/libsqlite3.dylib; sourceTree = SDKROOT; };
		E80477F71B8770320041B71A /* libz.dylib */ = {isa = PBXFileReference; lastKnownFileType = "compiled.mach-o.dylib"; name = libz.dylib; path = usr/lib/libz.dylib; sourceTree = SDKROOT; };
		E80477FA1B8770380041B71A /* Accounts.framework */ = {isa = PBXFileReference; lastKnownFileType = wrapper.framework; name = Accounts.framework; path = System/Library/Frameworks/Accounts.framework; sourceTree = SDKROOT; };
		E80477FC1B87703D0041B71A /* Social.framework */ = {isa = PBXFileReference; lastKnownFileType = wrapper.framework; name = Social.framework; path = System/Library/Frameworks/Social.framework; sourceTree = SDKROOT; };
		E80478021B8770C50041B71A /* Bolts.framework */ = {isa = PBXFileReference; lastKnownFileType = wrapper.framework; path = Bolts.framework; sourceTree = "<group>"; };
		E80478031B8770C50041B71A /* Parse.framework */ = {isa = PBXFileReference; lastKnownFileType = wrapper.framework; path = Parse.framework; sourceTree = "<group>"; };
		E80478061B8770F40041B71A /* MobileCoreServices.framework */ = {isa = PBXFileReference; lastKnownFileType = wrapper.framework; name = MobileCoreServices.framework; path = System/Library/Frameworks/MobileCoreServices.framework; sourceTree = SDKROOT; };
/* End PBXFileReference section */

/* Begin PBXFrameworksBuildPhase section */
		1E9D79FC1B7F320B001C44C9 /* Frameworks */ = {
			isa = PBXFrameworksBuildPhase;
			buildActionMask = 2147483647;
			files = (
				E80478071B8770F40041B71A /* MobileCoreServices.framework in Frameworks */,
				E80478041B8770C50041B71A /* Bolts.framework in Frameworks */,
				E80477FD1B87703D0041B71A /* Social.framework in Frameworks */,
				E80477FB1B8770380041B71A /* Accounts.framework in Frameworks */,
				E80477F81B8770320041B71A /* libsqlite3.dylib in Frameworks */,
				E80477F91B8770320041B71A /* libz.dylib in Frameworks */,
				E80477F51B8770100041B71A /* Security.framework in Frameworks */,
				E80478051B8770C50041B71A /* Parse.framework in Frameworks */,
				E80477F31B8770050041B71A /* CFNetwork.framework in Frameworks */,
				E80477F11B876BE70041B71A /* MMAdSDK.framework in Frameworks */,
				E80477EF1B876BDF0041B71A /* SystemConfiguration.framework in Frameworks */,
				E80477ED1B876BD60041B71A /* MessageUI.framework in Frameworks */,
				E80477EB1B876BD20041B71A /* MediaPlayer.framework in Frameworks */,
				E80477E91B876BC60041B71A /* libxml2.dylib in Frameworks */,
				E80477E61B876BC00041B71A /* EventKit.framework in Frameworks */,
				E80477E71B876BC00041B71A /* EventKitUI.framework in Frameworks */,
				E80477E11B876BB90041B71A /* CoreBluetooth.framework in Frameworks */,
				E80477E21B876BB90041B71A /* CoreLocation.framework in Frameworks */,
				E80477E31B876BB90041B71A /* CoreTelephony.framework in Frameworks */,
				E80477DD1B876BAB0041B71A /* AVFoundation.framework in Frameworks */,
				E80477DB1B876BA70041B71A /* AudioToolbox.framework in Frameworks */,
				E80477D71B8764240041B71A /* CoreGraphics.framework in Frameworks */,
				E80477D51B87641C0041B71A /* Foundation.framework in Frameworks */,
				E80477D01B874EC50041B71A /* StoreKit.framework in Frameworks */,
				E80477D91B8764300041B71A /* Chartboost.framework in Frameworks */,
				E80477CE1B874EC10041B71A /* AdSupport.framework in Frameworks */,
				E80477CC1B874EBD0041B71A /* iAd.framework in Frameworks */,
			);
			runOnlyForDeploymentPostprocessing = 0;
		};
		1E9D7A151B7F320B001C44C9 /* Frameworks */ = {
			isa = PBXFrameworksBuildPhase;
			buildActionMask = 2147483647;
			files = (
			);
			runOnlyForDeploymentPostprocessing = 0;
		};
/* End PBXFrameworksBuildPhase section */

/* Begin PBXGroup section */
		1E9D79F61B7F320B001C44C9 = {
			isa = PBXGroup;
			children = (
				E80478061B8770F40041B71A /* MobileCoreServices.framework */,
				E80478021B8770C50041B71A /* Bolts.framework */,
				E80478031B8770C50041B71A /* Parse.framework */,
				E80477FC1B87703D0041B71A /* Social.framework */,
				E80477FA1B8770380041B71A /* Accounts.framework */,
				E80477F61B8770320041B71A /* libsqlite3.dylib */,
				E80477F71B8770320041B71A /* libz.dylib */,
				E80477F41B8770100041B71A /* Security.framework */,
				E80477F21B8770050041B71A /* CFNetwork.framework */,
				E80477F01B876BE70041B71A /* MMAdSDK.framework */,
				E80477EE1B876BDF0041B71A /* SystemConfiguration.framework */,
				E80477EC1B876BD60041B71A /* MessageUI.framework */,
				E80477EA1B876BD20041B71A /* MediaPlayer.framework */,
				E80477E81B876BC60041B71A /* libxml2.dylib */,
				E80477E41B876BC00041B71A /* EventKit.framework */,
				E80477E51B876BC00041B71A /* EventKitUI.framework */,
				E80477DE1B876BB90041B71A /* CoreBluetooth.framework */,
				E80477DF1B876BB90041B71A /* CoreLocation.framework */,
				E80477E01B876BB90041B71A /* CoreTelephony.framework */,
				E80477DC1B876BAB0041B71A /* AVFoundation.framework */,
				E80477DA1B876BA70041B71A /* AudioToolbox.framework */,
				E80477D81B8764300041B71A /* Chartboost.framework */,
				E80477D61B8764240041B71A /* CoreGraphics.framework */,
				E80477D41B87641C0041B71A /* Foundation.framework */,
				E80477CF1B874EC50041B71A /* StoreKit.framework */,
				E80477CD1B874EC10041B71A /* AdSupport.framework */,
				E80477CB1B874EBD0041B71A /* iAd.framework */,
				1E9D7A011B7F320B001C44C9 /* Meno-Dag */,
				1E9D7A1B1B7F320B001C44C9 /* Meno-DagTests */,
				1E9D7A001B7F320B001C44C9 /* Products */,
			);
			sourceTree = "<group>";
		};
		1E9D7A001B7F320B001C44C9 /* Products */ = {
			isa = PBXGroup;
			children = (
				1E9D79FF1B7F320B001C44C9 /* منو داق.app */,
				1E9D7A181B7F320B001C44C9 /* Meno-DagTests.xctest */,
			);
			name = Products;
			sourceTree = "<group>";
		};
		1E9D7A011B7F320B001C44C9 /* Meno-Dag */ = {
			isa = PBXGroup;
			children = (
				E80477BE1B874B600041B71A /* IAP */,
				1E9D7A281B7F36B8001C44C9 /* Fonts */,
				1E9D7A2D1B7F3B2C001C44C9 /* Images */,
				1E9D7A061B7F320B001C44C9 /* AppDelegate.h */,
				1E9D7A071B7F320B001C44C9 /* AppDelegate.m */,
				1E9D7A091B7F320B001C44C9 /* ViewController.h */,
				1E9D7A0A1B7F320B001C44C9 /* ViewController.m */,
				1E9D7AA01B8493D2001C44C9 /* ServicesViewController.h */,
				1E9D7AA11B8493D2001C44C9 /* ServicesViewController.m */,
				1E9D7A0C1B7F320B001C44C9 /* Main.storyboard */,
				1E9D7A0F1B7F320B001C44C9 /* Images.xcassets */,
				1E9D7A111B7F320B001C44C9 /* LaunchScreen.xib */,
				1E9D7A021B7F320B001C44C9 /* Supporting Files */,
			);
			path = "Meno-Dag";
			sourceTree = "<group>";
		};
		1E9D7A021B7F320B001C44C9 /* Supporting Files */ = {
			isa = PBXGroup;
			children = (
				E80477D11B87531B0041B71A /* UICKeyChainStore.h */,
				E80477D21B87531B0041B71A /* UICKeyChainStore.m */,
				1E9D7A031B7F320B001C44C9 /* Info.plist */,
				1E9D7A041B7F320B001C44C9 /* main.m */,
			);
			name = "Supporting Files";
			sourceTree = "<group>";
		};
		1E9D7A1B1B7F320B001C44C9 /* Meno-DagTests */ = {
			isa = PBXGroup;
			children = (
				1E9D7A1E1B7F320B001C44C9 /* Meno_DagTests.m */,
				1E9D7A1C1B7F320B001C44C9 /* Supporting Files */,
			);
			path = "Meno-DagTests";
			sourceTree = "<group>";
		};
		1E9D7A1C1B7F320B001C44C9 /* Supporting Files */ = {
			isa = PBXGroup;
			children = (
				1E9D7A1D1B7F320B001C44C9 /* Info.plist */,
			);
			name = "Supporting Files";
			sourceTree = "<group>";
		};
		1E9D7A281B7F36B8001C44C9 /* Fonts */ = {
			isa = PBXGroup;
			children = (
				1E9D7A291B7F36DA001C44C9 /* DroidKufi-Bold.ttf */,
				1E9D7A2A1B7F36DA001C44C9 /* DroidKufi-Regular.ttf */,
			);
			name = Fonts;
			sourceTree = "<group>";
		};
		1E9D7A2D1B7F3B2C001C44C9 /* Images */ = {
			isa = PBXGroup;
			children = (
				1E9D7AA31B849EF4001C44C9 /* app-icon.png */,
				1E9D7AA41B849EF4001C44C9 /* app-icon@2x.png */,
				1E9D7AA51B849EF4001C44C9 /* app-icon@3x.png */,
				1E9D7A9A1B8491D3001C44C9 /* buy-button.png */,
				1E9D7A9B1B8491D3001C44C9 /* buy-button@2x.png */,
				1E9D7A9C1B8491D3001C44C9 /* buy-button@3x.png */,
				1E9D7A941B847E08001C44C9 /* share-app-icon.png */,
				1E9D7A951B847E08001C44C9 /* share-app-icon@2x.png */,
				1E9D7A961B847E08001C44C9 /* share-app-icon@3x.png */,
				1E9D7A881B846CF7001C44C9 /* empty-icon.png */,
				1E9D7A891B846CF7001C44C9 /* empty-icon@2x.png */,
				1E9D7A8A1B846CF7001C44C9 /* empty-icon@3x.png */,
				1E9D7A821B846BF6001C44C9 /* small-phone-icon.png */,
				1E9D7A831B846BF6001C44C9 /* small-phone-icon@2x.png */,
				1E9D7A841B846BF6001C44C9 /* small-phone-icon@3x.png */,
				1E9D7A701B838022001C44C9 /* block-icon.png */,
				1E9D7A711B838022001C44C9 /* block-icon@2x.png */,
				1E9D7A721B838022001C44C9 /* block-icon@3x.png */,
				1E9D7A731B838022001C44C9 /* name-icon.png */,
				1E9D7A741B838022001C44C9 /* name-icon@2x.png */,
				1E9D7A751B838022001C44C9 /* name-icon@3x.png */,
				1E9D7A761B838022001C44C9 /* numbers-icon.png */,
				1E9D7A771B838022001C44C9 /* numbers-icon@2x.png */,
				1E9D7A781B838022001C44C9 /* numbers-icon@3x.png */,
				1E9D7A641B81CDCC001C44C9 /* search-bar.png */,
				1E9D7A651B81CDCC001C44C9 /* search-bar@2x.png */,
				1E9D7A661B81CDCC001C44C9 /* search-bar@3x.png */,
				1E9D7A671B81CDCC001C44C9 /* search-mag.png */,
				1E9D7A681B81CDCC001C44C9 /* search-mag@2x.png */,
				1E9D7A691B81CDCC001C44C9 /* search-mag@3x.png */,
				1E9D7A5E1B80A3E8001C44C9 /* selected-back.png */,
				1E9D7A5F1B80A3E8001C44C9 /* selected-back@2x.png */,
				1E9D7A601B80A3E8001C44C9 /* selected-back@3x.png */,
				1E9D7A3A1B7F414A001C44C9 /* cart-icon.png */,
				1E9D7A3B1B7F414A001C44C9 /* cart-icon@2x.png */,
				1E9D7A3C1B7F414A001C44C9 /* cart-icon@3x.png */,
				1E9D7A3D1B7F414A001C44C9 /* log-icon.png */,
				1E9D7A3E1B7F414A001C44C9 /* log-icon@2x.png */,
				1E9D7A3F1B7F414A001C44C9 /* log-icon@3x.png */,
				1E9D7A401B7F414A001C44C9 /* search-icon.png */,
				1E9D7A411B7F414A001C44C9 /* search-icon@2x.png */,
				1E9D7A421B7F414A001C44C9 /* search-icon@3x.png */,
				1E9D7A461B7F414A001C44C9 /* share-icon.png */,
				1E9D7A471B7F414A001C44C9 /* share-icon@2x.png */,
				1E9D7A481B7F414A001C44C9 /* share-icon@3x.png */,
				1E9D7A2E1B7F3B3C001C44C9 /* large-phone-icon.png */,
				1E9D7A2F1B7F3B3C001C44C9 /* large-phone-icon@2x.png */,
				1E9D7A301B7F3B3C001C44C9 /* large-phone-icon@3x.png */,
			);
			name = Images;
			sourceTree = "<group>";
		};
		E80477BE1B874B600041B71A /* IAP */ = {
			isa = PBXGroup;
			children = (
				E80477C51B874C380041B71A /* followersExchangePurchase.h */,
				E80477C61B874C380041B71A /* followersExchangePurchase.m */,
				E80477C71B874C380041B71A /* IAPHelper.m */,
				E80477C81B874C380041B71A /* IAPHelper.h */,
			);
			name = IAP;
			sourceTree = "<group>";
		};
/* End PBXGroup section */

/* Begin PBXNativeTarget section */
		1E9D79FE1B7F320B001C44C9 /* Meno-Dag */ = {
			isa = PBXNativeTarget;
			buildConfigurationList = 1E9D7A221B7F320B001C44C9 /* Build configuration list for PBXNativeTarget "Meno-Dag" */;
			buildPhases = (
				1E9D79FB1B7F320B001C44C9 /* Sources */,
				1E9D79FC1B7F320B001C44C9 /* Frameworks */,
				1E9D79FD1B7F320B001C44C9 /* Resources */,
			);
			buildRules = (
			);
			dependencies = (
			);
			name = "Meno-Dag";
			productName = "Meno-Dag";
			productReference = 1E9D79FF1B7F320B001C44C9 /* منو داق.app */;
			productType = "com.apple.product-type.application";
		};
		1E9D7A171B7F320B001C44C9 /* Meno-DagTests */ = {
			isa = PBXNativeTarget;
			buildConfigurationList = 1E9D7A251B7F320B001C44C9 /* Build configuration list for PBXNativeTarget "Meno-DagTests" */;
			buildPhases = (
				1E9D7A141B7F320B001C44C9 /* Sources */,
				1E9D7A151B7F320B001C44C9 /* Frameworks */,
				1E9D7A161B7F320B001C44C9 /* Resources */,
			);
			buildRules = (
			);
			dependencies = (
				1E9D7A1A1B7F320B001C44C9 /* PBXTargetDependency */,
			);
			name = "Meno-DagTests";
			productName = "Meno-DagTests";
			productReference = 1E9D7A181B7F320B001C44C9 /* Meno-DagTests.xctest */;
			productType = "com.apple.product-type.bundle.unit-test";
		};
/* End PBXNativeTarget section */

/* Begin PBXProject section */
		1E9D79F71B7F320B001C44C9 /* Project object */ = {
			isa = PBXProject;
			attributes = {
				LastUpgradeCheck = 0630;
				ORGANIZATIONNAME = "SADAH Software Solutions, LLC";
				TargetAttributes = {
					1E9D79FE1B7F320B001C44C9 = {
						CreatedOnToolsVersion = 6.3;
					};
					1E9D7A171B7F320B001C44C9 = {
						CreatedOnToolsVersion = 6.3;
						TestTargetID = 1E9D79FE1B7F320B001C44C9;
					};
				};
			};
			buildConfigurationList = 1E9D79FA1B7F320B001C44C9 /* Build configuration list for PBXProject "Meno-Dag" */;
			compatibilityVersion = "Xcode 3.2";
			developmentRegion = English;
			hasScannedForEncodings = 0;
			knownRegions = (
				en,
				Base,
			);
			mainGroup = 1E9D79F61B7F320B001C44C9;
			productRefGroup = 1E9D7A001B7F320B001C44C9 /* Products */;
			projectDirPath = "";
			projectRoot = "";
			targets = (
				1E9D79FE1B7F320B001C44C9 /* Meno-Dag */,
				1E9D7A171B7F320B001C44C9 /* Meno-DagTests */,
			);
		};
/* End PBXProject section */

/* Begin PBXResourcesBuildPhase section */
		1E9D79FD1B7F320B001C44C9 /* Resources */ = {
			isa = PBXResourcesBuildPhase;
			buildActionMask = 2147483647;
			files = (
				1E9D7A8B1B846CF7001C44C9 /* empty-icon.png in Resources */,
				1E9D7A0E1B7F320B001C44C9 /* Main.storyboard in Resources */,
				1E9D7A801B838022001C44C9 /* numbers-icon@2x.png in Resources */,
				1E9D7A7F1B838022001C44C9 /* numbers-icon.png in Resources */,
				1E9D7A6B1B81CDCC001C44C9 /* search-bar@2x.png in Resources */,
				1E9D7A6C1B81CDCC001C44C9 /* search-bar@3x.png in Resources */,
				1E9D7A2B1B7F36DA001C44C9 /* DroidKufi-Bold.ttf in Resources */,
				1E9D7A991B847E08001C44C9 /* share-app-icon@3x.png in Resources */,
				1E9D7A861B846BF6001C44C9 /* small-phone-icon@2x.png in Resources */,
				1E9D7A611B80A3E8001C44C9 /* selected-back.png in Resources */,
				1E9D7A981B847E08001C44C9 /* share-app-icon@2x.png in Resources */,
				1E9D7AA81B849EF4001C44C9 /* app-icon@3x.png in Resources */,
				1E9D7A6F1B81CDCC001C44C9 /* search-mag@3x.png in Resources */,
				1E9D7A7E1B838022001C44C9 /* name-icon@3x.png in Resources */,
				1E9D7A321B7F3B3C001C44C9 /* large-phone-icon@2x.png in Resources */,
				1E9D7A8D1B846CF7001C44C9 /* empty-icon@3x.png in Resources */,
				1E9D7A4D1B7F414A001C44C9 /* log-icon@2x.png in Resources */,
				1E9D7A551B7F414A001C44C9 /* share-icon.png in Resources */,
				1E9D7A851B846BF6001C44C9 /* small-phone-icon.png in Resources */,
				1E9D7A491B7F414A001C44C9 /* cart-icon.png in Resources */,
				1E9D7A9E1B8491D3001C44C9 /* buy-button@2x.png in Resources */,
				1E9D7A571B7F414A001C44C9 /* share-icon@3x.png in Resources */,
				1E9D7A811B838022001C44C9 /* numbers-icon@3x.png in Resources */,
				1E9D7A4F1B7F414A001C44C9 /* search-icon.png in Resources */,
				1E9D7A6A1B81CDCC001C44C9 /* search-bar.png in Resources */,
				1E9D7A4B1B7F414A001C44C9 /* cart-icon@3x.png in Resources */,
				1E9D7A8C1B846CF7001C44C9 /* empty-icon@2x.png in Resources */,
				1E9D7AA61B849EF4001C44C9 /* app-icon.png in Resources */,
				1E9D7AA71B849EF4001C44C9 /* app-icon@2x.png in Resources */,
				1E9D7A131B7F320B001C44C9 /* LaunchScreen.xib in Resources */,
				1E9D7A6D1B81CDCC001C44C9 /* search-mag.png in Resources */,
				1E9D7A101B7F320B001C44C9 /* Images.xcassets in Resources */,
				1E9D7A6E1B81CDCC001C44C9 /* search-mag@2x.png in Resources */,
				1E9D7A9F1B8491D3001C44C9 /* buy-button@3x.png in Resources */,
				1E9D7A7D1B838022001C44C9 /* name-icon@2x.png in Resources */,
				1E9D7A4C1B7F414A001C44C9 /* log-icon.png in Resources */,
				1E9D7A971B847E08001C44C9 /* share-app-icon.png in Resources */,
				1E9D7A4E1B7F414A001C44C9 /* log-icon@3x.png in Resources */,
				1E9D7A7C1B838022001C44C9 /* name-icon.png in Resources */,
				1E9D7A501B7F414A001C44C9 /* search-icon@2x.png in Resources */,
				1E9D7A7B1B838022001C44C9 /* block-icon@3x.png in Resources */,
				1E9D7A331B7F3B3C001C44C9 /* large-phone-icon@3x.png in Resources */,
				1E9D7A631B80A3E8001C44C9 /* selected-back@3x.png in Resources */,
				1E9D7A871B846BF6001C44C9 /* small-phone-icon@3x.png in Resources */,
				1E9D7A791B838022001C44C9 /* block-icon.png in Resources */,
				1E9D7A7A1B838022001C44C9 /* block-icon@2x.png in Resources */,
				1E9D7A621B80A3E8001C44C9 /* selected-back@2x.png in Resources */,
				1E9D7A9D1B8491D3001C44C9 /* buy-button.png in Resources */,
				1E9D7A511B7F414A001C44C9 /* search-icon@3x.png in Resources */,
				1E9D7A2C1B7F36DA001C44C9 /* DroidKufi-Regular.ttf in Resources */,
				1E9D7A561B7F414A001C44C9 /* share-icon@2x.png in Resources */,
				1E9D7A311B7F3B3C001C44C9 /* large-phone-icon.png in Resources */,
				1E9D7A4A1B7F414A001C44C9 /* cart-icon@2x.png in Resources */,
			);
			runOnlyForDeploymentPostprocessing = 0;
		};
		1E9D7A161B7F320B001C44C9 /* Resources */ = {
			isa = PBXResourcesBuildPhase;
			buildActionMask = 2147483647;
			files = (
			);
			runOnlyForDeploymentPostprocessing = 0;
		};
/* End PBXResourcesBuildPhase section */

/* Begin PBXSourcesBuildPhase section */
		1E9D79FB1B7F320B001C44C9 /* Sources */ = {
			isa = PBXSourcesBuildPhase;
			buildActionMask = 2147483647;
			files = (
				1E9D7A0B1B7F320B001C44C9 /* ViewController.m in Sources */,
				1E9D7A081B7F320B001C44C9 /* AppDelegate.m in Sources */,
				1E9D7AA21B8493D2001C44C9 /* ServicesViewController.m in Sources */,
				1E9D7A051B7F320B001C44C9 /* main.m in Sources */,
				E80477CA1B874C380041B71A /* IAPHelper.m in Sources */,
				E80477D31B87531B0041B71A /* UICKeyChainStore.m in Sources */,
				E80477C91B874C380041B71A /* followersExchangePurchase.m in Sources */,
			);
			runOnlyForDeploymentPostprocessing = 0;
		};
		1E9D7A141B7F320B001C44C9 /* Sources */ = {
			isa = PBXSourcesBuildPhase;
			buildActionMask = 2147483647;
			files = (
				1E9D7A1F1B7F320B001C44C9 /* Meno_DagTests.m in Sources */,
			);
			runOnlyForDeploymentPostprocessing = 0;
		};
/* End PBXSourcesBuildPhase section */

/* Begin PBXTargetDependency section */
		1E9D7A1A1B7F320B001C44C9 /* PBXTargetDependency */ = {
			isa = PBXTargetDependency;
			target = 1E9D79FE1B7F320B001C44C9 /* Meno-Dag */;
			targetProxy = 1E9D7A191B7F320B001C44C9 /* PBXContainerItemProxy */;
		};
/* End PBXTargetDependency section */

/* Begin PBXVariantGroup section */
		1E9D7A0C1B7F320B001C44C9 /* Main.storyboard */ = {
			isa = PBXVariantGroup;
			children = (
				1E9D7A0D1B7F320B001C44C9 /* Base */,
			);
			name = Main.storyboard;
			sourceTree = "<group>";
		};
		1E9D7A111B7F320B001C44C9 /* LaunchScreen.xib */ = {
			isa = PBXVariantGroup;
			children = (
				1E9D7A121B7F320B001C44C9 /* Base */,
			);
			name = LaunchScreen.xib;
			sourceTree = "<group>";
		};
/* End PBXVariantGroup section */

/* Begin XCBuildConfiguration section */
		1E9D7A201B7F320B001C44C9 /* Debug */ = {
			isa = XCBuildConfiguration;
			buildSettings = {
				ALWAYS_SEARCH_USER_PATHS = NO;
				CLANG_CXX_LANGUAGE_STANDARD = "gnu++0x";
				CLANG_CXX_LIBRARY = "libc++";
				CLANG_ENABLE_MODULES = YES;
				CLANG_ENABLE_OBJC_ARC = YES;
				CLANG_WARN_BOOL_CONVERSION = YES;
				CLANG_WARN_CONSTANT_CONVERSION = YES;
				CLANG_WARN_DIRECT_OBJC_ISA_USAGE = YES_ERROR;
				CLANG_WARN_EMPTY_BODY = YES;
				CLANG_WARN_ENUM_CONVERSION = YES;
				CLANG_WARN_INT_CONVERSION = YES;
				CLANG_WARN_OBJC_ROOT_CLASS = YES_ERROR;
				CLANG_WARN_UNREACHABLE_CODE = YES;
				CLANG_WARN__DUPLICATE_METHOD_MATCH = YES;
				"CODE_SIGN_IDENTITY[sdk=iphoneos*]" = "iPhone Developer";
				COPY_PHASE_STRIP = NO;
				DEBUG_INFORMATION_FORMAT = "dwarf-with-dsym";
				ENABLE_STRICT_OBJC_MSGSEND = YES;
				GCC_C_LANGUAGE_STANDARD = gnu99;
				GCC_DYNAMIC_NO_PIC = NO;
				GCC_NO_COMMON_BLOCKS = YES;
				GCC_OPTIMIZATION_LEVEL = 0;
				GCC_PREPROCESSOR_DEFINITIONS = (
					"DEBUG=1",
					"$(inherited)",
				);
				GCC_SYMBOLS_PRIVATE_EXTERN = NO;
				GCC_WARN_64_TO_32_BIT_CONVERSION = YES;
				GCC_WARN_ABOUT_RETURN_TYPE = YES_ERROR;
				GCC_WARN_UNDECLARED_SELECTOR = YES;
				GCC_WARN_UNINITIALIZED_AUTOS = YES_AGGRESSIVE;
				GCC_WARN_UNUSED_FUNCTION = YES;
				GCC_WARN_UNUSED_VARIABLE = YES;
				IPHONEOS_DEPLOYMENT_TARGET = 8.3;
				MTL_ENABLE_DEBUG_INFO = YES;
				ONLY_ACTIVE_ARCH = YES;
				SDKROOT = iphoneos;
				TARGETED_DEVICE_FAMILY = "1,2";
			};
			name = Debug;
		};
		1E9D7A211B7F320B001C44C9 /* Release */ = {
			isa = XCBuildConfiguration;
			buildSettings = {
				ALWAYS_SEARCH_USER_PATHS = NO;
				CLANG_CXX_LANGUAGE_STANDARD = "gnu++0x";
				CLANG_CXX_LIBRARY = "libc++";
				CLANG_ENABLE_MODULES = YES;
				CLANG_ENABLE_OBJC_ARC = YES;
				CLANG_WARN_BOOL_CONVERSION = YES;
				CLANG_WARN_CONSTANT_CONVERSION = YES;
				CLANG_WARN_DIRECT_OBJC_ISA_USAGE = YES_ERROR;
				CLANG_WARN_EMPTY_BODY = YES;
				CLANG_WARN_ENUM_CONVERSION = YES;
				CLANG_WARN_INT_CONVERSION = YES;
				CLANG_WARN_OBJC_ROOT_CLASS = YES_ERROR;
				CLANG_WARN_UNREACHABLE_CODE = YES;
				CLANG_WARN__DUPLICATE_METHOD_MATCH = YES;
				"CODE_SIGN_IDENTITY[sdk=iphoneos*]" = "iPhone Developer";
				COPY_PHASE_STRIP = NO;
				DEBUG_INFORMATION_FORMAT = "dwarf-with-dsym";
				ENABLE_NS_ASSERTIONS = NO;
				ENABLE_STRICT_OBJC_MSGSEND = YES;
				GCC_C_LANGUAGE_STANDARD = gnu99;
				GCC_NO_COMMON_BLOCKS = YES;
				GCC_WARN_64_TO_32_BIT_CONVERSION = YES;
				GCC_WARN_ABOUT_RETURN_TYPE = YES_ERROR;
				GCC_WARN_UNDECLARED_SELECTOR = YES;
				GCC_WARN_UNINITIALIZED_AUTOS = YES_AGGRESSIVE;
				GCC_WARN_UNUSED_FUNCTION = YES;
				GCC_WARN_UNUSED_VARIABLE = YES;
				IPHONEOS_DEPLOYMENT_TARGET = 8.3;
				MTL_ENABLE_DEBUG_INFO = NO;
				SDKROOT = iphoneos;
				TARGETED_DEVICE_FAMILY = "1,2";
				VALIDATE_PRODUCT = YES;
			};
			name = Release;
		};
		1E9D7A231B7F320B001C44C9 /* Debug */ = {
			isa = XCBuildConfiguration;
			buildSettings = {
				ASSETCATALOG_COMPILER_APPICON_NAME = "AppIcon-2";
				ASSETCATALOG_COMPILER_LAUNCHIMAGE_NAME = LaunchImage;
				FRAMEWORK_SEARCH_PATHS = (
					"$(inherited)",
					"$(PROJECT_DIR)",
				);
				INFOPLIST_FILE = "Meno-Dag/Info.plist";
				IPHONEOS_DEPLOYMENT_TARGET = 7.0;
				LD_RUNPATH_SEARCH_PATHS = "$(inherited) @executable_path/Frameworks";
				OTHER_LDFLAGS = "-ObjC";
				PRODUCT_NAME = "منو داق";
				TARGETED_DEVICE_FAMILY = "1,2";
			};
			name = Debug;
		};
		1E9D7A241B7F320B001C44C9 /* Release */ = {
			isa = XCBuildConfiguration;
			buildSettings = {
				ASSETCATALOG_COMPILER_APPICON_NAME = "AppIcon-2";
				ASSETCATALOG_COMPILER_LAUNCHIMAGE_NAME = LaunchImage;
				FRAMEWORK_SEARCH_PATHS = (
					"$(inherited)",
					"$(PROJECT_DIR)",
				);
				INFOPLIST_FILE = "Meno-Dag/Info.plist";
				IPHONEOS_DEPLOYMENT_TARGET = 7.0;
				LD_RUNPATH_SEARCH_PATHS = "$(inherited) @executable_path/Frameworks";
				OTHER_LDFLAGS = "-ObjC";
				PRODUCT_NAME = "منو داق";
				TARGETED_DEVICE_FAMILY = "1,2";
			};
			name = Release;
		};
		1E9D7A261B7F320B001C44C9 /* Debug */ = {
			isa = XCBuildConfiguration;
			buildSettings = {
				BUNDLE_LOADER = "$(TEST_HOST)";
				FRAMEWORK_SEARCH_PATHS = (
					"$(SDKROOT)/Developer/Library/Frameworks",
					"$(inherited)",
				);
				GCC_PREPROCESSOR_DEFINITIONS = (
					"DEBUG=1",
					"$(inherited)",
				);
				INFOPLIST_FILE = "Meno-DagTests/Info.plist";
				LD_RUNPATH_SEARCH_PATHS = "$(inherited) @executable_path/Frameworks @loader_path/Frameworks";
				PRODUCT_NAME = "$(TARGET_NAME)";
				TEST_HOST = "$(BUILT_PRODUCTS_DIR)/Meno-Dag.app/Meno-Dag";
			};
			name = Debug;
		};
		1E9D7A271B7F320B001C44C9 /* Release */ = {
			isa = XCBuildConfiguration;
			buildSettings = {
				BUNDLE_LOADER = "$(TEST_HOST)";
				FRAMEWORK_SEARCH_PATHS = (
					"$(SDKROOT)/Developer/Library/Frameworks",
					"$(inherited)",
				);
				INFOPLIST_FILE = "Meno-DagTests/Info.plist";
				LD_RUNPATH_SEARCH_PATHS = "$(inherited) @executable_path/Frameworks @loader_path/Frameworks";
				PRODUCT_NAME = "$(TARGET_NAME)";
				TEST_HOST = "$(BUILT_PRODUCTS_DIR)/Meno-Dag.app/Meno-Dag";
			};
			name = Release;
		};
/* End XCBuildConfiguration section */

/* Begin XCConfigurationList section */
		1E9D79FA1B7F320B001C44C9 /* Build configuration list for PBXProject "Meno-Dag" */ = {
			isa = XCConfigurationList;
			buildConfigurations = (
				1E9D7A201B7F320B001C44C9 /* Debug */,
				1E9D7A211B7F320B001C44C9 /* Release */,
			);
			defaultConfigurationIsVisible = 0;
			defaultConfigurationName = Release;
		};
		1E9D7A221B7F320B001C44C9 /* Build configuration list for PBXNativeTarget "Meno-Dag" */ = {
			isa = XCConfigurationList;
			buildConfigurations = (
				1E9D7A231B7F320B001C44C9 /* Debug */,
				1E9D7A241B7F320B001C44C9 /* Release */,
			);
			defaultConfigurationIsVisible = 0;
			defaultConfigurationName = Release;
		};
		1E9D7A251B7F320B001C44C9 /* Build configuration list for PBXNativeTarget "Meno-DagTests" */ = {
			isa = XCConfigurationList;
			buildConfigurations = (
				1E9D7A261B7F320B001C44C9 /* Debug */,
				1E9D7A271B7F320B001C44C9 /* Release */,
			);
			defaultConfigurationIsVisible = 0;
			defaultConfigurationName = Release;
		};
/* End XCConfigurationList section */
	};
	rootObject = 1E9D79F71B7F320B001C44C9 /* Project object */;
}
